
Microsoft Visual Studio Solution File, Format Version 12.00
# Visual Studio Version 17
VisualStudioVersion = 17.0.32126.317
MinimumVisualStudioVersion = 10.0.40219.1
Project("{9A19103F-16F7-4668-BE54-9A1E7A4F7556}") = "LIUMarketPlace.Api", "LIUMarketPlace.Api\LIUMarketPlace.Api.csproj", "{AF1E1CBE-4FD6-4641-96BA-2069AC0755C0}"
EndProject
Project("{9A19103F-16F7-4668-BE54-9A1E7A4F7556}") = "LIUMarketplace.Models", "LIUMarketplace.Models\LIUMarketplace.Models.csproj", "{D35C7377-F2D1-4F5E-8067-AC1FE5520DCD}"
EndProject
Project("{9A19103F-16F7-4668-BE54-9A1E7A4F7556}") = "LIUMarketplace.Shared", "LIUMarketplace.Shared\LIUMarketplace.Shared.csproj", "{CF338AF1-95AC-4851-B254-82F98E05E711}"
EndProject
Project("{9A19103F-16F7-4668-BE54-9A1E7A4F7556}") = "LIUMarketplace.UI", "LIUMarketplace.UI\LIUMarketplace.UI.csproj", "{05718459-E658-47B3-BD3F-962614864A36}"
EndProject
Project("{9A19103F-16F7-4668-BE54-9A1E7A4F7556}") = "LIUMarketplace.UI.Service", "LIUMarketplace.UI.Service\LIUMarketplace.UI.Service.csproj", "{2C682DDF-C030-4518-B078-A77647B07051}"
EndProject
Global
	GlobalSection(SolutionConfigurationPlatforms) = preSolution
		Debug|Any CPU = Debug|Any CPU
		Release|Any CPU = Release|Any CPU
	EndGlobalSection
	GlobalSection(ProjectConfigurationPlatforms) = postSolution
		{AF1E1CBE-4FD6-4641-96BA-2069AC0755C0}.Debug|Any CPU.ActiveCfg = Debug|Any CPU
		{AF1E1CBE-4FD6-4641-96BA-2069AC0755C0}.Debug|Any CPU.Build.0 = Debug|Any CPU
		{AF1E1CBE-4FD6-4641-96BA-2069AC0755C0}.Release|Any CPU.ActiveCfg = Release|Any CPU
		{AF1E1CBE-4FD6-4641-96BA-2069AC0755C0}.Release|Any CPU.Build.0 = Release|Any CPU
		{D35C7377-F2D1-4F5E-8067-AC1FE5520DCD}.Debug|Any CPU.ActiveCfg = Debug|Any CPU
		{D35C7377-F2D1-4F5E-8067-AC1FE5520DCD}.Debug|Any CPU.Build.0 = Debug|Any CPU
		{D35C7377-F2D1-4F5E-8067-AC1FE5520DCD}.Release|Any CPU.ActiveCfg = Release|Any CPU
		{D35C7377-F2D1-4F5E-8067-AC1FE5520DCD}.Release|Any CPU.Build.0 = Release|Any CPU
		{CF338AF1-95AC-4851-B254-82F98E05E711}.Debug|Any CPU.ActiveCfg = Debug|Any CPU
		{CF338AF1-95AC-4851-B254-82F98E05E711}.Debug|Any CPU.Build.0 = Debug|Any CPU
		{CF338AF1-95AC-4851-B254-82F98E05E711}.Release|Any CPU.ActiveCfg = Release|Any CPU
		{CF338AF1-95AC-4851-B254-82F98E05E711}.Release|Any CPU.Build.0 = Release|Any CPU
		{05718459-E658-47B3-BD3F-962614864A36}.Debug|Any CPU.ActiveCfg = Debug|Any CPU
		{05718459-E658-47B3-BD3F-962614864A36}.Debug|Any CPU.Build.0 = Debug|Any CPU
		{05718459-E658-47B3-BD3F-962614864A36}.Release|Any CPU.ActiveCfg = Release|Any CPU
		{05718459-E658-47B3-BD3F-962614864A36}.Release|Any CPU.Build.0 = Release|Any CPU
		{2C682DDF-C030-4518-B078-A77647B07051}.Debug|Any CPU.ActiveCfg = Debug|Any CPU
		{2C682DDF-C030-4518-B078-A77647B07051}.Debug|Any CPU.Build.0 = Debug|Any CPU
		{2C682DDF-C030-4518-B078-A77647B07051}.Release|Any CPU.ActiveCfg = Release|Any CPU
		{2C682DDF-C030-4518-B078-A77647B07051}.Release|Any CPU.Build.0 = Release|Any CPU
	EndGlobalSection
	GlobalSection(SolutionProperties) = preSolution
		HideSolutionNode = FALSE
	EndGlobalSection
	GlobalSection(ExtensibilityGlobals) = postSolution
		SolutionGuid = {09E359EB-18ED-4863-A411-7AC3515A59BA}
	EndGlobalSection
EndGlobal
