
Microsoft Visual Studio Solution File, Format Version 12.00
# Visual Studio Version 17
VisualStudioVersion = 17.0.32126.317
MinimumVisualStudioVersion = 10.0.40219.1
Project("{FAE04EC0-301F-11D3-BF4B-00C04F79EFBC}") = "LIUMarketplace.API", "LIUMarketplace\LIUMarketplace.API.csproj", "{409C3722-EE59-462B-8B1C-ABF36E99A950}"
EndProject
Global
	GlobalSection(SolutionConfigurationPlatforms) = preSolution
		Debug|Any CPU = Debug|Any CPU
		Release|Any CPU = Release|Any CPU
	EndGlobalSection
	GlobalSection(ProjectConfigurationPlatforms) = postSolution
		{409C3722-EE59-462B-8B1C-ABF36E99A950}.Debug|Any CPU.ActiveCfg = Debug|Any CPU
		{409C3722-EE59-462B-8B1C-ABF36E99A950}.Debug|Any CPU.Build.0 = Debug|Any CPU
		{409C3722-EE59-462B-8B1C-ABF36E99A950}.Release|Any CPU.ActiveCfg = Release|Any CPU
		{409C3722-EE59-462B-8B1C-ABF36E99A950}.Release|Any CPU.Build.0 = Release|Any CPU
	EndGlobalSection
	GlobalSection(SolutionProperties) = preSolution
		HideSolutionNode = FALSE
	EndGlobalSection
	GlobalSection(ExtensibilityGlobals) = postSolution
		SolutionGuid = {09E359EB-18ED-4863-A411-7AC3515A59BA}
	EndGlobalSection
EndGlobal
